// !$*UTF8*$!
{
	archiveVersion = 1;
	classes = {
	};
	objectVersion = 56;
	objects = {

/* Begin PBXBuildFile section */
		F89B35C92B243BEA00CCE6C3 /* AppDelegate.swift in Sources */ = {isa = PBXBuildFile; fileRef = F89B35C82B243BEA00CCE6C3 /* AppDelegate.swift */; };
		F89B35D22B243BEB00CCE6C3 /* Assets.xcassets in Resources */ = {isa = PBXBuildFile; fileRef = F89B35D12B243BEB00CCE6C3 /* Assets.xcassets */; };
		F89B35D52B243BEB00CCE6C3 /* LaunchScreen.storyboard in Resources */ = {isa = PBXBuildFile; fileRef = F89B35D32B243BEB00CCE6C3 /* LaunchScreen.storyboard */; };
		F89B35E02B243BEB00CCE6C3 /* Toys_EtudeTests.swift in Sources */ = {isa = PBXBuildFile; fileRef = F89B35DF2B243BEB00CCE6C3 /* Toys_EtudeTests.swift */; };
		F89B35EA2B243BEB00CCE6C3 /* Toys_EtudeUITests.swift in Sources */ = {isa = PBXBuildFile; fileRef = F89B35E92B243BEB00CCE6C3 /* Toys_EtudeUITests.swift */; };
		F89B35EC2B243BEB00CCE6C3 /* Toys_EtudeUITestsLaunchTests.swift in Sources */ = {isa = PBXBuildFile; fileRef = F89B35EB2B243BEB00CCE6C3 /* Toys_EtudeUITestsLaunchTests.swift */; };
		F89B35FA2B243D7D00CCE6C3 /* RootListView.swift in Sources */ = {isa = PBXBuildFile; fileRef = F89B35F92B243D7D00CCE6C3 /* RootListView.swift */; };
		F89B35FC2B243EEF00CCE6C3 /* DiffableDataSourcePageViewController.swift in Sources */ = {isa = PBXBuildFile; fileRef = F89B35FB2B243EEF00CCE6C3 /* DiffableDataSourcePageViewController.swift */; };
		F89B35FE2B243F0100CCE6C3 /* DiffableDataSourcePage.storyboard in Resources */ = {isa = PBXBuildFile; fileRef = F89B35FD2B243F0100CCE6C3 /* DiffableDataSourcePage.storyboard */; };
		F89B36002B24428500CCE6C3 /* ViewController.storyboard in Resources */ = {isa = PBXBuildFile; fileRef = F89B35FF2B24428500CCE6C3 /* ViewController.storyboard */; };
		F89B36022B2443FC00CCE6C3 /* RootViewController.swift in Sources */ = {isa = PBXBuildFile; fileRef = F89B36012B2443FC00CCE6C3 /* RootViewController.swift */; };
		F89B36062B244E1D00CCE6C3 /* DiffableDataSourcePageViewControllerRepresentable.swift in Sources */ = {isa = PBXBuildFile; fileRef = F89B36052B244E1D00CCE6C3 /* DiffableDataSourcePageViewControllerRepresentable.swift */; };
		F89B36092B244EE700CCE6C3 /* CollectionViewCell.swift in Sources */ = {isa = PBXBuildFile; fileRef = F89B36082B244EE700CCE6C3 /* CollectionViewCell.swift */; };
		F89B360B2B244F3C00CCE6C3 /* CollectionViewCell.xib in Resources */ = {isa = PBXBuildFile; fileRef = F89B360A2B244F3C00CCE6C3 /* CollectionViewCell.xib */; };
		F89B360D2B24526D00CCE6C3 /* DataSourcePageViewController.swift in Sources */ = {isa = PBXBuildFile; fileRef = F89B360C2B24526D00CCE6C3 /* DataSourcePageViewController.swift */; };
		F89B360F2B24527A00CCE6C3 /* DataSourcePage.storyboard in Resources */ = {isa = PBXBuildFile; fileRef = F89B360E2B24527A00CCE6C3 /* DataSourcePage.storyboard */; };
		F89B36122B245FAF00CCE6C3 /* DataSourceViewModel.swift in Sources */ = {isa = PBXBuildFile; fileRef = F89B36112B245FAF00CCE6C3 /* DataSourceViewModel.swift */; };
		F89B36152B24647700CCE6C3 /* RandomStringDataModel.swift in Sources */ = {isa = PBXBuildFile; fileRef = F89B36142B24647700CCE6C3 /* RandomStringDataModel.swift */; };
		F89B36172B246F4C00CCE6C3 /* CollectionViewCellViewModel.swift in Sources */ = {isa = PBXBuildFile; fileRef = F89B36162B246F4C00CCE6C3 /* CollectionViewCellViewModel.swift */; };
/* End PBXBuildFile section */

/* Begin PBXContainerItemProxy section */
		F89B35DC2B243BEB00CCE6C3 /* PBXContainerItemProxy */ = {
			isa = PBXContainerItemProxy;
			containerPortal = F89B35BD2B243BEA00CCE6C3 /* Project object */;
			proxyType = 1;
			remoteGlobalIDString = F89B35C42B243BEA00CCE6C3;
			remoteInfo = "Toys Etude";
		};
		F89B35E62B243BEB00CCE6C3 /* PBXContainerItemProxy */ = {
			isa = PBXContainerItemProxy;
			containerPortal = F89B35BD2B243BEA00CCE6C3 /* Project object */;
			proxyType = 1;
			remoteGlobalIDString = F89B35C42B243BEA00CCE6C3;
			remoteInfo = "Toys Etude";
		};
/* End PBXContainerItemProxy section */

/* Begin PBXFileReference section */
		F89B35C52B243BEA00CCE6C3 /* Toys Etude.app */ = {isa = PBXFileReference; explicitFileType = wrapper.application; includeInIndex = 0; path = "Toys Etude.app"; sourceTree = BUILT_PRODUCTS_DIR; };
		F89B35C82B243BEA00CCE6C3 /* AppDelegate.swift */ = {isa = PBXFileReference; lastKnownFileType = sourcecode.swift; path = AppDelegate.swift; sourceTree = "<group>"; };
		F89B35D12B243BEB00CCE6C3 /* Assets.xcassets */ = {isa = PBXFileReference; lastKnownFileType = folder.assetcatalog; path = Assets.xcassets; sourceTree = "<group>"; };
		F89B35D42B243BEB00CCE6C3 /* Base */ = {isa = PBXFileReference; lastKnownFileType = file.storyboard; name = Base; path = Base.lproj/LaunchScreen.storyboard; sourceTree = "<group>"; };
		F89B35D62B243BEB00CCE6C3 /* Info.plist */ = {isa = PBXFileReference; lastKnownFileType = text.plist.xml; path = Info.plist; sourceTree = "<group>"; };
		F89B35DB2B243BEB00CCE6C3 /* Toys EtudeTests.xctest */ = {isa = PBXFileReference; explicitFileType = wrapper.cfbundle; includeInIndex = 0; path = "Toys EtudeTests.xctest"; sourceTree = BUILT_PRODUCTS_DIR; };
		F89B35DF2B243BEB00CCE6C3 /* Toys_EtudeTests.swift */ = {isa = PBXFileReference; lastKnownFileType = sourcecode.swift; path = Toys_EtudeTests.swift; sourceTree = "<group>"; };
		F89B35E52B243BEB00CCE6C3 /* Toys EtudeUITests.xctest */ = {isa = PBXFileReference; explicitFileType = wrapper.cfbundle; includeInIndex = 0; path = "Toys EtudeUITests.xctest"; sourceTree = BUILT_PRODUCTS_DIR; };
		F89B35E92B243BEB00CCE6C3 /* Toys_EtudeUITests.swift */ = {isa = PBXFileReference; lastKnownFileType = sourcecode.swift; path = Toys_EtudeUITests.swift; sourceTree = "<group>"; };
		F89B35EB2B243BEB00CCE6C3 /* Toys_EtudeUITestsLaunchTests.swift */ = {isa = PBXFileReference; lastKnownFileType = sourcecode.swift; path = Toys_EtudeUITestsLaunchTests.swift; sourceTree = "<group>"; };
		F89B35F92B243D7D00CCE6C3 /* RootListView.swift */ = {isa = PBXFileReference; lastKnownFileType = sourcecode.swift; path = RootListView.swift; sourceTree = "<group>"; };
		F89B35FB2B243EEF00CCE6C3 /* DiffableDataSourcePageViewController.swift */ = {isa = PBXFileReference; lastKnownFileType = sourcecode.swift; path = DiffableDataSourcePageViewController.swift; sourceTree = "<group>"; };
		F89B35FD2B243F0100CCE6C3 /* DiffableDataSourcePage.storyboard */ = {isa = PBXFileReference; lastKnownFileType = file.storyboard; path = DiffableDataSourcePage.storyboard; sourceTree = "<group>"; };
		F89B35FF2B24428500CCE6C3 /* ViewController.storyboard */ = {isa = PBXFileReference; lastKnownFileType = file.storyboard; path = ViewController.storyboard; sourceTree = "<group>"; };
		F89B36012B2443FC00CCE6C3 /* RootViewController.swift */ = {isa = PBXFileReference; lastKnownFileType = sourcecode.swift; path = RootViewController.swift; sourceTree = "<group>"; };
		F89B36052B244E1D00CCE6C3 /* DiffableDataSourcePageViewControllerRepresentable.swift */ = {isa = PBXFileReference; lastKnownFileType = sourcecode.swift; path = DiffableDataSourcePageViewControllerRepresentable.swift; sourceTree = "<group>"; };
		F89B36082B244EE700CCE6C3 /* CollectionViewCell.swift */ = {isa = PBXFileReference; lastKnownFileType = sourcecode.swift; path = CollectionViewCell.swift; sourceTree = "<group>"; };
		F89B360A2B244F3C00CCE6C3 /* CollectionViewCell.xib */ = {isa = PBXFileReference; lastKnownFileType = file.xib; path = CollectionViewCell.xib; sourceTree = "<group>"; };
		F89B360C2B24526D00CCE6C3 /* DataSourcePageViewController.swift */ = {isa = PBXFileReference; lastKnownFileType = sourcecode.swift; path = DataSourcePageViewController.swift; sourceTree = "<group>"; };
		F89B360E2B24527A00CCE6C3 /* DataSourcePage.storyboard */ = {isa = PBXFileReference; lastKnownFileType = file.storyboard; path = DataSourcePage.storyboard; sourceTree = "<group>"; };
		F89B36112B245FAF00CCE6C3 /* DataSourceViewModel.swift */ = {isa = PBXFileReference; lastKnownFileType = sourcecode.swift; path = DataSourceViewModel.swift; sourceTree = "<group>"; };
		F89B36142B24647700CCE6C3 /* RandomStringDataModel.swift */ = {isa = PBXFileReference; lastKnownFileType = sourcecode.swift; path = RandomStringDataModel.swift; sourceTree = "<group>"; };
		F89B36162B246F4C00CCE6C3 /* CollectionViewCellViewModel.swift */ = {isa = PBXFileReference; lastKnownFileType = sourcecode.swift; path = CollectionViewCellViewModel.swift; sourceTree = "<group>"; };
/* End PBXFileReference section */

/* Begin PBXFrameworksBuildPhase section */
		F89B35C22B243BEA00CCE6C3 /* Frameworks */ = {
			isa = PBXFrameworksBuildPhase;
			buildActionMask = 2147483647;
			files = (
			);
			runOnlyForDeploymentPostprocessing = 0;
		};
		F89B35D82B243BEB00CCE6C3 /* Frameworks */ = {
			isa = PBXFrameworksBuildPhase;
			buildActionMask = 2147483647;
			files = (
			);
			runOnlyForDeploymentPostprocessing = 0;
		};
		F89B35E22B243BEB00CCE6C3 /* Frameworks */ = {
			isa = PBXFrameworksBuildPhase;
			buildActionMask = 2147483647;
			files = (
			);
			runOnlyForDeploymentPostprocessing = 0;
		};
/* End PBXFrameworksBuildPhase section */

/* Begin PBXGroup section */
		F89B35BC2B243BEA00CCE6C3 = {
			isa = PBXGroup;
			children = (
				F89B35C72B243BEA00CCE6C3 /* Toys Etude */,
				F89B35DE2B243BEB00CCE6C3 /* Toys EtudeTests */,
				F89B35E82B243BEB00CCE6C3 /* Toys EtudeUITests */,
				F89B35C62B243BEA00CCE6C3 /* Products */,
			);
			sourceTree = "<group>";
		};
		F89B35C62B243BEA00CCE6C3 /* Products */ = {
			isa = PBXGroup;
			children = (
				F89B35C52B243BEA00CCE6C3 /* Toys Etude.app */,
				F89B35DB2B243BEB00CCE6C3 /* Toys EtudeTests.xctest */,
				F89B35E52B243BEB00CCE6C3 /* Toys EtudeUITests.xctest */,
			);
			name = Products;
			sourceTree = "<group>";
		};
		F89B35C72B243BEA00CCE6C3 /* Toys Etude */ = {
			isa = PBXGroup;
			children = (
				F89B35F82B243C3300CCE6C3 /* DiffableDataSource */,
				F89B35C82B243BEA00CCE6C3 /* AppDelegate.swift */,
				F89B35FF2B24428500CCE6C3 /* ViewController.storyboard */,
				F89B35D12B243BEB00CCE6C3 /* Assets.xcassets */,
				F89B35D32B243BEB00CCE6C3 /* LaunchScreen.storyboard */,
				F89B35D62B243BEB00CCE6C3 /* Info.plist */,
				F89B35F92B243D7D00CCE6C3 /* RootListView.swift */,
				F89B36012B2443FC00CCE6C3 /* RootViewController.swift */,
				F89B36042B244DFE00CCE6C3 /* Representables */,
			);
			path = "Toys Etude";
			sourceTree = "<group>";
		};
		F89B35DE2B243BEB00CCE6C3 /* Toys EtudeTests */ = {
			isa = PBXGroup;
			children = (
				F89B35DF2B243BEB00CCE6C3 /* Toys_EtudeTests.swift */,
			);
			path = "Toys EtudeTests";
			sourceTree = "<group>";
		};
		F89B35E82B243BEB00CCE6C3 /* Toys EtudeUITests */ = {
			isa = PBXGroup;
			children = (
				F89B35E92B243BEB00CCE6C3 /* Toys_EtudeUITests.swift */,
				F89B35EB2B243BEB00CCE6C3 /* Toys_EtudeUITestsLaunchTests.swift */,
			);
			path = "Toys EtudeUITests";
			sourceTree = "<group>";
		};
		F89B35F82B243C3300CCE6C3 /* DiffableDataSource */ = {
			isa = PBXGroup;
			children = (
				F89B36132B24646200CCE6C3 /* Models */,
				F89B36102B245F9800CCE6C3 /* ViewModels */,
				F89B36072B244ED200CCE6C3 /* Views */,
				F89B36032B24456000CCE6C3 /* ViewControllers */,
			);
			path = DiffableDataSource;
			sourceTree = "<group>";
		};
		F89B36032B24456000CCE6C3 /* ViewControllers */ = {
			isa = PBXGroup;
			children = (
				F89B35FB2B243EEF00CCE6C3 /* DiffableDataSourcePageViewController.swift */,
				F89B35FD2B243F0100CCE6C3 /* DiffableDataSourcePage.storyboard */,
				F89B360C2B24526D00CCE6C3 /* DataSourcePageViewController.swift */,
				F89B360E2B24527A00CCE6C3 /* DataSourcePage.storyboard */,
			);
			path = ViewControllers;
			sourceTree = "<group>";
		};
		F89B36042B244DFE00CCE6C3 /* Representables */ = {
			isa = PBXGroup;
			children = (
				F89B36052B244E1D00CCE6C3 /* DiffableDataSourcePageViewControllerRepresentable.swift */,
			);
			path = Representables;
			sourceTree = "<group>";
		};
		F89B36072B244ED200CCE6C3 /* Views */ = {
			isa = PBXGroup;
			children = (
				F89B36082B244EE700CCE6C3 /* CollectionViewCell.swift */,
				F89B360A2B244F3C00CCE6C3 /* CollectionViewCell.xib */,
			);
			path = Views;
			sourceTree = "<group>";
		};
		F89B36102B245F9800CCE6C3 /* ViewModels */ = {
			isa = PBXGroup;
			children = (
				F89B36112B245FAF00CCE6C3 /* DataSourceViewModel.swift */,
				F89B36162B246F4C00CCE6C3 /* CollectionViewCellViewModel.swift */,
			);
			path = ViewModels;
			sourceTree = "<group>";
		};
		F89B36132B24646200CCE6C3 /* Models */ = {
			isa = PBXGroup;
			children = (
				F89B36142B24647700CCE6C3 /* RandomStringDataModel.swift */,
			);
			path = Models;
			sourceTree = "<group>";
		};
/* End PBXGroup section */

/* Begin PBXNativeTarget section */
		F89B35C42B243BEA00CCE6C3 /* Toys Etude */ = {
			isa = PBXNativeTarget;
			buildConfigurationList = F89B35EF2B243BEB00CCE6C3 /* Build configuration list for PBXNativeTarget "Toys Etude" */;
			buildPhases = (
				F89B35C12B243BEA00CCE6C3 /* Sources */,
				F89B35C22B243BEA00CCE6C3 /* Frameworks */,
				F89B35C32B243BEA00CCE6C3 /* Resources */,
			);
			buildRules = (
			);
			dependencies = (
			);
			name = "Toys Etude";
			productName = "Toys Etude";
			productReference = F89B35C52B243BEA00CCE6C3 /* Toys Etude.app */;
			productType = "com.apple.product-type.application";
		};
		F89B35DA2B243BEB00CCE6C3 /* Toys EtudeTests */ = {
			isa = PBXNativeTarget;
			buildConfigurationList = F89B35F22B243BEB00CCE6C3 /* Build configuration list for PBXNativeTarget "Toys EtudeTests" */;
			buildPhases = (
				F89B35D72B243BEB00CCE6C3 /* Sources */,
				F89B35D82B243BEB00CCE6C3 /* Frameworks */,
				F89B35D92B243BEB00CCE6C3 /* Resources */,
			);
			buildRules = (
			);
			dependencies = (
				F89B35DD2B243BEB00CCE6C3 /* PBXTargetDependency */,
			);
			name = "Toys EtudeTests";
			productName = "Toys EtudeTests";
			productReference = F89B35DB2B243BEB00CCE6C3 /* Toys EtudeTests.xctest */;
			productType = "com.apple.product-type.bundle.unit-test";
		};
		F89B35E42B243BEB00CCE6C3 /* Toys EtudeUITests */ = {
			isa = PBXNativeTarget;
			buildConfigurationList = F89B35F52B243BEB00CCE6C3 /* Build configuration list for PBXNativeTarget "Toys EtudeUITests" */;
			buildPhases = (
				F89B35E12B243BEB00CCE6C3 /* Sources */,
				F89B35E22B243BEB00CCE6C3 /* Frameworks */,
				F89B35E32B243BEB00CCE6C3 /* Resources */,
			);
			buildRules = (
			);
			dependencies = (
				F89B35E72B243BEB00CCE6C3 /* PBXTargetDependency */,
			);
			name = "Toys EtudeUITests";
			productName = "Toys EtudeUITests";
			productReference = F89B35E52B243BEB00CCE6C3 /* Toys EtudeUITests.xctest */;
			productType = "com.apple.product-type.bundle.ui-testing";
		};
/* End PBXNativeTarget section */

/* Begin PBXProject section */
		F89B35BD2B243BEA00CCE6C3 /* Project object */ = {
			isa = PBXProject;
			attributes = {
				BuildIndependentTargetsInParallel = 1;
				LastSwiftUpdateCheck = 1420;
				LastUpgradeCheck = 1420;
				TargetAttributes = {
					F89B35C42B243BEA00CCE6C3 = {
						CreatedOnToolsVersion = 14.2;
					};
					F89B35DA2B243BEB00CCE6C3 = {
						CreatedOnToolsVersion = 14.2;
						TestTargetID = F89B35C42B243BEA00CCE6C3;
					};
					F89B35E42B243BEB00CCE6C3 = {
						CreatedOnToolsVersion = 14.2;
						TestTargetID = F89B35C42B243BEA00CCE6C3;
					};
				};
			};
			buildConfigurationList = F89B35C02B243BEA00CCE6C3 /* Build configuration list for PBXProject "Toys Etude" */;
			compatibilityVersion = "Xcode 14.0";
			developmentRegion = en;
			hasScannedForEncodings = 0;
			knownRegions = (
				en,
				Base,
			);
			mainGroup = F89B35BC2B243BEA00CCE6C3;
			productRefGroup = F89B35C62B243BEA00CCE6C3 /* Products */;
			projectDirPath = "";
			projectRoot = "";
			targets = (
				F89B35C42B243BEA00CCE6C3 /* Toys Etude */,
				F89B35DA2B243BEB00CCE6C3 /* Toys EtudeTests */,
				F89B35E42B243BEB00CCE6C3 /* Toys EtudeUITests */,
			);
		};
/* End PBXProject section */

/* Begin PBXResourcesBuildPhase section */
		F89B35C32B243BEA00CCE6C3 /* Resources */ = {
			isa = PBXResourcesBuildPhase;
			buildActionMask = 2147483647;
			files = (
				F89B360F2B24527A00CCE6C3 /* DataSourcePage.storyboard in Resources */,
				F89B35D52B243BEB00CCE6C3 /* LaunchScreen.storyboard in Resources */,
				F89B35D22B243BEB00CCE6C3 /* Assets.xcassets in Resources */,
				F89B35FE2B243F0100CCE6C3 /* DiffableDataSourcePage.storyboard in Resources */,
				F89B36002B24428500CCE6C3 /* ViewController.storyboard in Resources */,
				F89B360B2B244F3C00CCE6C3 /* CollectionViewCell.xib in Resources */,
			);
			runOnlyForDeploymentPostprocessing = 0;
		};
		F89B35D92B243BEB00CCE6C3 /* Resources */ = {
			isa = PBXResourcesBuildPhase;
			buildActionMask = 2147483647;
			files = (
			);
			runOnlyForDeploymentPostprocessing = 0;
		};
		F89B35E32B243BEB00CCE6C3 /* Resources */ = {
			isa = PBXResourcesBuildPhase;
			buildActionMask = 2147483647;
			files = (
			);
			runOnlyForDeploymentPostprocessing = 0;
		};
/* End PBXResourcesBuildPhase section */

/* Begin PBXSourcesBuildPhase section */
		F89B35C12B243BEA00CCE6C3 /* Sources */ = {
			isa = PBXSourcesBuildPhase;
			buildActionMask = 2147483647;
			files = (
				F89B36022B2443FC00CCE6C3 /* RootViewController.swift in Sources */,
				F89B360D2B24526D00CCE6C3 /* DataSourcePageViewController.swift in Sources */,
				F89B36062B244E1D00CCE6C3 /* DiffableDataSourcePageViewControllerRepresentable.swift in Sources */,
				F89B36122B245FAF00CCE6C3 /* DataSourceViewModel.swift in Sources */,
				F89B35FA2B243D7D00CCE6C3 /* RootListView.swift in Sources */,
				F89B36152B24647700CCE6C3 /* RandomStringDataModel.swift in Sources */,
				F89B35FC2B243EEF00CCE6C3 /* DiffableDataSourcePageViewController.swift in Sources */,
				F89B36092B244EE700CCE6C3 /* CollectionViewCell.swift in Sources */,
				F89B35C92B243BEA00CCE6C3 /* AppDelegate.swift in Sources */,
				F89B36172B246F4C00CCE6C3 /* CollectionViewCellViewModel.swift in Sources */,
			);
			runOnlyForDeploymentPostprocessing = 0;
		};
		F89B35D72B243BEB00CCE6C3 /* Sources */ = {
			isa = PBXSourcesBuildPhase;
			buildActionMask = 2147483647;
			files = (
				F89B35E02B243BEB00CCE6C3 /* Toys_EtudeTests.swift in Sources */,
			);
			runOnlyForDeploymentPostprocessing = 0;
		};
		F89B35E12B243BEB00CCE6C3 /* Sources */ = {
			isa = PBXSourcesBuildPhase;
			buildActionMask = 2147483647;
			files = (
				F89B35EA2B243BEB00CCE6C3 /* Toys_EtudeUITests.swift in Sources */,
				F89B35EC2B243BEB00CCE6C3 /* Toys_EtudeUITestsLaunchTests.swift in Sources */,
			);
			runOnlyForDeploymentPostprocessing = 0;
		};
/* End PBXSourcesBuildPhase section */

/* Begin PBXTargetDependency section */
		F89B35DD2B243BEB00CCE6C3 /* PBXTargetDependency */ = {
			isa = PBXTargetDependency;
			target = F89B35C42B243BEA00CCE6C3 /* Toys Etude */;
			targetProxy = F89B35DC2B243BEB00CCE6C3 /* PBXContainerItemProxy */;
		};
		F89B35E72B243BEB00CCE6C3 /* PBXTargetDependency */ = {
			isa = PBXTargetDependency;
			target = F89B35C42B243BEA00CCE6C3 /* Toys Etude */;
			targetProxy = F89B35E62B243BEB00CCE6C3 /* PBXContainerItemProxy */;
		};
/* End PBXTargetDependency section */

/* Begin PBXVariantGroup section */
		F89B35D32B243BEB00CCE6C3 /* LaunchScreen.storyboard */ = {
			isa = PBXVariantGroup;
			children = (
				F89B35D42B243BEB00CCE6C3 /* Base */,
			);
			name = LaunchScreen.storyboard;
			sourceTree = "<group>";
		};
/* End PBXVariantGroup section */

/* Begin XCBuildConfiguration section */
		F89B35ED2B243BEB00CCE6C3 /* Debug */ = {
			isa = XCBuildConfiguration;
			buildSettings = {
				ALWAYS_SEARCH_USER_PATHS = NO;
				CLANG_ANALYZER_NONNULL = YES;
				CLANG_ANALYZER_NUMBER_OBJECT_CONVERSION = YES_AGGRESSIVE;
				CLANG_CXX_LANGUAGE_STANDARD = "gnu++20";
				CLANG_ENABLE_MODULES = YES;
				CLANG_ENABLE_OBJC_ARC = YES;
				CLANG_ENABLE_OBJC_WEAK = YES;
				CLANG_WARN_BLOCK_CAPTURE_AUTORELEASING = YES;
				CLANG_WARN_BOOL_CONVERSION = YES;
				CLANG_WARN_COMMA = YES;
				CLANG_WARN_CONSTANT_CONVERSION = YES;
				CLANG_WARN_DEPRECATED_OBJC_IMPLEMENTATIONS = YES;
				CLANG_WARN_DIRECT_OBJC_ISA_USAGE = YES_ERROR;
				CLANG_WARN_DOCUMENTATION_COMMENTS = YES;
				CLANG_WARN_EMPTY_BODY = YES;
				CLANG_WARN_ENUM_CONVERSION = YES;
				CLANG_WARN_INFINITE_RECURSION = YES;
				CLANG_WARN_INT_CONVERSION = YES;
				CLANG_WARN_NON_LITERAL_NULL_CONVERSION = YES;
				CLANG_WARN_OBJC_IMPLICIT_RETAIN_SELF = YES;
				CLANG_WARN_OBJC_LITERAL_CONVERSION = YES;
				CLANG_WARN_OBJC_ROOT_CLASS = YES_ERROR;
				CLANG_WARN_QUOTED_INCLUDE_IN_FRAMEWORK_HEADER = YES;
				CLANG_WARN_RANGE_LOOP_ANALYSIS = YES;
				CLANG_WARN_STRICT_PROTOTYPES = YES;
				CLANG_WARN_SUSPICIOUS_MOVE = YES;
				CLANG_WARN_UNGUARDED_AVAILABILITY = YES_AGGRESSIVE;
				CLANG_WARN_UNREACHABLE_CODE = YES;
				CLANG_WARN__DUPLICATE_METHOD_MATCH = YES;
				COPY_PHASE_STRIP = NO;
				DEBUG_INFORMATION_FORMAT = dwarf;
				ENABLE_STRICT_OBJC_MSGSEND = YES;
				ENABLE_TESTABILITY = YES;
				GCC_C_LANGUAGE_STANDARD = gnu11;
				GCC_DYNAMIC_NO_PIC = NO;
				GCC_NO_COMMON_BLOCKS = YES;
				GCC_OPTIMIZATION_LEVEL = 0;
				GCC_PREPROCESSOR_DEFINITIONS = (
					"DEBUG=1",
					"$(inherited)",
				);
				GCC_WARN_64_TO_32_BIT_CONVERSION = YES;
				GCC_WARN_ABOUT_RETURN_TYPE = YES_ERROR;
				GCC_WARN_UNDECLARED_SELECTOR = YES;
				GCC_WARN_UNINITIALIZED_AUTOS = YES_AGGRESSIVE;
				GCC_WARN_UNUSED_FUNCTION = YES;
				GCC_WARN_UNUSED_VARIABLE = YES;
				IPHONEOS_DEPLOYMENT_TARGET = 16.2;
				MTL_ENABLE_DEBUG_INFO = INCLUDE_SOURCE;
				MTL_FAST_MATH = YES;
				ONLY_ACTIVE_ARCH = YES;
				SDKROOT = iphoneos;
				SWIFT_ACTIVE_COMPILATION_CONDITIONS = DEBUG;
				SWIFT_OPTIMIZATION_LEVEL = "-Onone";
			};
			name = Debug;
		};
		F89B35EE2B243BEB00CCE6C3 /* Release */ = {
			isa = XCBuildConfiguration;
			buildSettings = {
				ALWAYS_SEARCH_USER_PATHS = NO;
				CLANG_ANALYZER_NONNULL = YES;
				CLANG_ANALYZER_NUMBER_OBJECT_CONVERSION = YES_AGGRESSIVE;
				CLANG_CXX_LANGUAGE_STANDARD = "gnu++20";
				CLANG_ENABLE_MODULES = YES;
				CLANG_ENABLE_OBJC_ARC = YES;
				CLANG_ENABLE_OBJC_WEAK = YES;
				CLANG_WARN_BLOCK_CAPTURE_AUTORELEASING = YES;
				CLANG_WARN_BOOL_CONVERSION = YES;
				CLANG_WARN_COMMA = YES;
				CLANG_WARN_CONSTANT_CONVERSION = YES;
				CLANG_WARN_DEPRECATED_OBJC_IMPLEMENTATIONS = YES;
				CLANG_WARN_DIRECT_OBJC_ISA_USAGE = YES_ERROR;
				CLANG_WARN_DOCUMENTATION_COMMENTS = YES;
				CLANG_WARN_EMPTY_BODY = YES;
				CLANG_WARN_ENUM_CONVERSION = YES;
				CLANG_WARN_INFINITE_RECURSION = YES;
				CLANG_WARN_INT_CONVERSION = YES;
				CLANG_WARN_NON_LITERAL_NULL_CONVERSION = YES;
				CLANG_WARN_OBJC_IMPLICIT_RETAIN_SELF = YES;
				CLANG_WARN_OBJC_LITERAL_CONVERSION = YES;
				CLANG_WARN_OBJC_ROOT_CLASS = YES_ERROR;
				CLANG_WARN_QUOTED_INCLUDE_IN_FRAMEWORK_HEADER = YES;
				CLANG_WARN_RANGE_LOOP_ANALYSIS = YES;
				CLANG_WARN_STRICT_PROTOTYPES = YES;
				CLANG_WARN_SUSPICIOUS_MOVE = YES;
				CLANG_WARN_UNGUARDED_AVAILABILITY = YES_AGGRESSIVE;
				CLANG_WARN_UNREACHABLE_CODE = YES;
				CLANG_WARN__DUPLICATE_METHOD_MATCH = YES;
				COPY_PHASE_STRIP = NO;
				DEBUG_INFORMATION_FORMAT = "dwarf-with-dsym";
				ENABLE_NS_ASSERTIONS = NO;
				ENABLE_STRICT_OBJC_MSGSEND = YES;
				GCC_C_LANGUAGE_STANDARD = gnu11;
				GCC_NO_COMMON_BLOCKS = YES;
				GCC_WARN_64_TO_32_BIT_CONVERSION = YES;
				GCC_WARN_ABOUT_RETURN_TYPE = YES_ERROR;
				GCC_WARN_UNDECLARED_SELECTOR = YES;
				GCC_WARN_UNINITIALIZED_AUTOS = YES_AGGRESSIVE;
				GCC_WARN_UNUSED_FUNCTION = YES;
				GCC_WARN_UNUSED_VARIABLE = YES;
				IPHONEOS_DEPLOYMENT_TARGET = 16.2;
				MTL_ENABLE_DEBUG_INFO = NO;
				MTL_FAST_MATH = YES;
				SDKROOT = iphoneos;
				SWIFT_COMPILATION_MODE = wholemodule;
				SWIFT_OPTIMIZATION_LEVEL = "-O";
				VALIDATE_PRODUCT = YES;
			};
			name = Release;
		};
		F89B35F02B243BEB00CCE6C3 /* Debug */ = {
			isa = XCBuildConfiguration;
			buildSettings = {
				ASSETCATALOG_COMPILER_APPICON_NAME = AppIcon;
				ASSETCATALOG_COMPILER_GLOBAL_ACCENT_COLOR_NAME = AccentColor;
				CODE_SIGN_STYLE = Automatic;
				CURRENT_PROJECT_VERSION = 1;
				GENERATE_INFOPLIST_FILE = YES;
				INFOPLIST_FILE = "Toys Etude/Info.plist";
				INFOPLIST_KEY_UIApplicationSupportsIndirectInputEvents = YES;
				INFOPLIST_KEY_UILaunchStoryboardName = LaunchScreen;
				INFOPLIST_KEY_UISupportedInterfaceOrientations_iPad = "UIInterfaceOrientationPortrait UIInterfaceOrientationPortraitUpsideDown UIInterfaceOrientationLandscapeLeft UIInterfaceOrientationLandscapeRight";
				INFOPLIST_KEY_UISupportedInterfaceOrientations_iPhone = "UIInterfaceOrientationPortrait UIInterfaceOrientationLandscapeLeft UIInterfaceOrientationLandscapeRight";
				LD_RUNPATH_SEARCH_PATHS = (
					"$(inherited)",
					"@executable_path/Frameworks",
				);
				MARKETING_VERSION = 1.0;
				PRODUCT_BUNDLE_IDENTIFIER = "name.shotaro.doi.Toys-Etude";
				PRODUCT_NAME = "$(TARGET_NAME)";
				SWIFT_EMIT_LOC_STRINGS = YES;
				SWIFT_VERSION = 5.0;
				TARGETED_DEVICE_FAMILY = "1,2";
			};
			name = Debug;
		};
		F89B35F12B243BEB00CCE6C3 /* Release */ = {
			isa = XCBuildConfiguration;
			buildSettings = {
				ASSETCATALOG_COMPILER_APPICON_NAME = AppIcon;
				ASSETCATALOG_COMPILER_GLOBAL_ACCENT_COLOR_NAME = AccentColor;
				CODE_SIGN_STYLE = Automatic;
				CURRENT_PROJECT_VERSION = 1;
				GENERATE_INFOPLIST_FILE = YES;
				INFOPLIST_FILE = "Toys Etude/Info.plist";
				INFOPLIST_KEY_UIApplicationSupportsIndirectInputEvents = YES;
				INFOPLIST_KEY_UILaunchStoryboardName = LaunchScreen;
				INFOPLIST_KEY_UISupportedInterfaceOrientations_iPad = "UIInterfaceOrientationPortrait UIInterfaceOrientationPortraitUpsideDown UIInterfaceOrientationLandscapeLeft UIInterfaceOrientationLandscapeRight";
				INFOPLIST_KEY_UISupportedInterfaceOrientations_iPhone = "UIInterfaceOrientationPortrait UIInterfaceOrientationLandscapeLeft UIInterfaceOrientationLandscapeRight";
				LD_RUNPATH_SEARCH_PATHS = (
					"$(inherited)",
					"@executable_path/Frameworks",
				);
				MARKETING_VERSION = 1.0;
				PRODUCT_BUNDLE_IDENTIFIER = "name.shotaro.doi.Toys-Etude";
				PRODUCT_NAME = "$(TARGET_NAME)";
				SWIFT_EMIT_LOC_STRINGS = YES;
				SWIFT_VERSION = 5.0;
				TARGETED_DEVICE_FAMILY = "1,2";
			};
			name = Release;
		};
		F89B35F32B243BEB00CCE6C3 /* Debug */ = {
			isa = XCBuildConfiguration;
			buildSettings = {
				ALWAYS_EMBED_SWIFT_STANDARD_LIBRARIES = YES;
				BUNDLE_LOADER = "$(TEST_HOST)";
				CODE_SIGN_STYLE = Automatic;
				CURRENT_PROJECT_VERSION = 1;
				GENERATE_INFOPLIST_FILE = YES;
				IPHONEOS_DEPLOYMENT_TARGET = 16.2;
				MARKETING_VERSION = 1.0;
				PRODUCT_BUNDLE_IDENTIFIER = "name.shotaro.doi.Toys-EtudeTests";
				PRODUCT_NAME = "$(TARGET_NAME)";
				SWIFT_EMIT_LOC_STRINGS = NO;
				SWIFT_VERSION = 5.0;
				TARGETED_DEVICE_FAMILY = "1,2";
				TEST_HOST = "$(BUILT_PRODUCTS_DIR)/Toys Etude.app/$(BUNDLE_EXECUTABLE_FOLDER_PATH)/Toys Etude";
			};
			name = Debug;
		};
		F89B35F42B243BEB00CCE6C3 /* Release */ = {
			isa = XCBuildConfiguration;
			buildSettings = {
				ALWAYS_EMBED_SWIFT_STANDARD_LIBRARIES = YES;
				BUNDLE_LOADER = "$(TEST_HOST)";
				CODE_SIGN_STYLE = Automatic;
				CURRENT_PROJECT_VERSION = 1;
				GENERATE_INFOPLIST_FILE = YES;
				IPHONEOS_DEPLOYMENT_TARGET = 16.2;
				MARKETING_VERSION = 1.0;
				PRODUCT_BUNDLE_IDENTIFIER = "name.shotaro.doi.Toys-EtudeTests";
				PRODUCT_NAME = "$(TARGET_NAME)";
				SWIFT_EMIT_LOC_STRINGS = NO;
				SWIFT_VERSION = 5.0;
				TARGETED_DEVICE_FAMILY = "1,2";
				TEST_HOST = "$(BUILT_PRODUCTS_DIR)/Toys Etude.app/$(BUNDLE_EXECUTABLE_FOLDER_PATH)/Toys Etude";
			};
			name = Release;
		};
		F89B35F62B243BEB00CCE6C3 /* Debug */ = {
			isa = XCBuildConfiguration;
			buildSettings = {
				ALWAYS_EMBED_SWIFT_STANDARD_LIBRARIES = YES;
				CODE_SIGN_STYLE = Automatic;
				CURRENT_PROJECT_VERSION = 1;
				GENERATE_INFOPLIST_FILE = YES;
				MARKETING_VERSION = 1.0;
				PRODUCT_BUNDLE_IDENTIFIER = "name.shotaro.doi.Toys-EtudeUITests";
				PRODUCT_NAME = "$(TARGET_NAME)";
				SWIFT_EMIT_LOC_STRINGS = NO;
				SWIFT_VERSION = 5.0;
				TARGETED_DEVICE_FAMILY = "1,2";
				TEST_TARGET_NAME = "Toys Etude";
			};
			name = Debug;
		};
		F89B35F72B243BEB00CCE6C3 /* Release */ = {
			isa = XCBuildConfiguration;
			buildSettings = {
				ALWAYS_EMBED_SWIFT_STANDARD_LIBRARIES = YES;
				CODE_SIGN_STYLE = Automatic;
				CURRENT_PROJECT_VERSION = 1;
				GENERATE_INFOPLIST_FILE = YES;
				MARKETING_VERSION = 1.0;
				PRODUCT_BUNDLE_IDENTIFIER = "name.shotaro.doi.Toys-EtudeUITests";
				PRODUCT_NAME = "$(TARGET_NAME)";
				SWIFT_EMIT_LOC_STRINGS = NO;
				SWIFT_VERSION = 5.0;
				TARGETED_DEVICE_FAMILY = "1,2";
				TEST_TARGET_NAME = "Toys Etude";
			};
			name = Release;
		};
/* End XCBuildConfiguration section */

/* Begin XCConfigurationList section */
		F89B35C02B243BEA00CCE6C3 /* Build configuration list for PBXProject "Toys Etude" */ = {
			isa = XCConfigurationList;
			buildConfigurations = (
				F89B35ED2B243BEB00CCE6C3 /* Debug */,
				F89B35EE2B243BEB00CCE6C3 /* Release */,
			);
			defaultConfigurationIsVisible = 0;
			defaultConfigurationName = Release;
		};
		F89B35EF2B243BEB00CCE6C3 /* Build configuration list for PBXNativeTarget "Toys Etude" */ = {
			isa = XCConfigurationList;
			buildConfigurations = (
				F89B35F02B243BEB00CCE6C3 /* Debug */,
				F89B35F12B243BEB00CCE6C3 /* Release */,
			);
			defaultConfigurationIsVisible = 0;
			defaultConfigurationName = Release;
		};
		F89B35F22B243BEB00CCE6C3 /* Build configuration list for PBXNativeTarget "Toys EtudeTests" */ = {
			isa = XCConfigurationList;
			buildConfigurations = (
				F89B35F32B243BEB00CCE6C3 /* Debug */,
				F89B35F42B243BEB00CCE6C3 /* Release */,
			);
			defaultConfigurationIsVisible = 0;
			defaultConfigurationName = Release;
		};
		F89B35F52B243BEB00CCE6C3 /* Build configuration list for PBXNativeTarget "Toys EtudeUITests" */ = {
			isa = XCConfigurationList;
			buildConfigurations = (
				F89B35F62B243BEB00CCE6C3 /* Debug */,
				F89B35F72B243BEB00CCE6C3 /* Release */,
			);
			defaultConfigurationIsVisible = 0;
			defaultConfigurationName = Release;
		};
/* End XCConfigurationList section */
	};
	rootObject = F89B35BD2B243BEA00CCE6C3 /* Project object */;
}
